{
  "name": "prpl",
  "version": "1.0.0",
  "lockfileVersion": 1,
  "requires": true,
  "dependencies": {
    "directory-tree": {
      "version": "2.2.5",
      "resolved": "https://registry.npmjs.org/directory-tree/-/directory-tree-2.2.5.tgz",
      "integrity": "sha512-qmeuql8N7hQB5b+cnlvbcHSjKBNpRjLY5KcvyFd9CTC5uTN7sJshEQ/ExZidAcEUEYcC/76i8ikLtbBMG81YRg=="
    },
    "marked": {
      "version": "1.2.4",
      "resolved": "https://registry.npmjs.org/marked/-/marked-1.2.4.tgz",
      "integrity": "sha512-6x5TFGCTKSQBLTZtOburGxCxFEBJEGYVLwCMTBCxzvyuisGcC20UNzDSJhCr/cJ/Kmh6ulfJm10g6WWEAJ3kvg=="
    }
  }
}
