{
  "name": "test-site-plugins",
  "version": "0.0.1",
  "lockfileVersion": 2,
  "requires": true,
  "packages": {
    "": {
      "name": "test-site-plugins",
      "version": "0.0.1",
      "dependencies": {
        "@prpl/core": "file:../../../packages/core",
        "@prpl/plugin-code-highlight": "file:../../../packages/plugin-code-highlight",
        "@prpl/plugin-css-imports": "file:../../../packages/plugin-css-imports",
        "@prpl/plugin-html-imports": "file:../../../packages/plugin-html-imports",
        "@prpl/plugin-rss": "file:../../../packages/plugin-rss",
        "@prpl/plugin-sitemap": "file:../../../packages/plugin-sitemap"
      }
    },
    "../../../packages/core": {
      "name": "@prpl/core",
      "version": "0.3.4",
      "license": "MIT",
      "dependencies": {
        "@types/marked": "^4.0.2",
        "marked": "^4.0.12"
      },
      "bin": {
        "prpl": "bin/prpl.js"
      }
    },
    "../../../packages/core/node_modules/@types/marked": {
      "version": "4.0.2",
      "license": "MIT"
    },
    "../../../packages/core/node_modules/marked": {
      "version": "4.0.12",
      "license": "MIT",
      "bin": {
        "marked": "bin/marked.js"
      },
      "engines": {
        "node": ">= 12"
      }
    },
    "../../../packages/plugin-code-highlight": {
      "name": "@prpl/plugin-code-highlight",
      "version": "0.3.6",
      "license": "MIT",
      "dependencies": {
        "highlight.js": "11.2.0",
        "html-escaper": "^3.0.3"
      },
      "peerDependencies": {
        "@prpl/core": ">=0.2.0"
      }
    },
    "../../../packages/plugin-code-highlight/node_modules/@prpl/core": {
      "version": "0.2.0",
      "license": "MIT",
      "peer": true,
      "dependencies": {
        "@types/marked": "^2.0.4",
        "marked": "^2.1.0"
      },
      "bin": {
        "prpl": "bin/prpl.js"
      }
    },
    "../../../packages/plugin-code-highlight/node_modules/@types/marked": {
      "version": "2.0.4",
      "license": "MIT",
      "peer": true
    },
    "../../../packages/plugin-code-highlight/node_modules/highlight.js": {
      "version": "11.2.0",
      "license": "BSD-3-Clause",
      "engines": {
        "node": ">=12.0.0"
      }
    },
    "../../../packages/plugin-code-highlight/node_modules/html-escaper": {
      "version": "3.0.3",
      "license": "MIT"
    },
    "../../../packages/plugin-code-highlight/node_modules/marked": {
      "version": "2.1.3",
      "license": "MIT",
      "peer": true,
      "bin": {
        "marked": "bin/marked"
      },
      "engines": {
        "node": ">= 10"
      }
    },
    "../../../packages/plugin-css-imports": {
      "name": "@prpl/plugin-css-imports",
      "version": "0.2.11",
      "license": "MIT",
      "peerDependencies": {
        "@prpl/core": ">=0.2.0"
      }
    },
    "../../../packages/plugin-css-imports/node_modules/@prpl/core": {
      "version": "0.2.0",
      "license": "MIT",
      "peer": true,
      "dependencies": {
        "@types/marked": "^2.0.4",
        "marked": "^2.1.0"
      },
      "bin": {
        "prpl": "bin/prpl.js"
      }
    },
    "../../../packages/plugin-css-imports/node_modules/@types/marked": {
      "version": "2.0.4",
      "license": "MIT",
      "peer": true
    },
    "../../../packages/plugin-css-imports/node_modules/marked": {
      "version": "2.1.3",
      "license": "MIT",
      "peer": true,
      "bin": {
        "marked": "bin/marked"
      },
      "engines": {
        "node": ">= 10"
      }
    },
    "../../../packages/plugin-html-imports": {
      "name": "@prpl/plugin-html-imports",
      "version": "0.2.11",
      "license": "MIT",
      "peerDependencies": {
        "@prpl/core": ">=0.2.0"
      }
    },
    "../../../packages/plugin-html-imports/node_modules/@prpl/core": {
      "version": "0.2.0",
      "license": "MIT",
      "peer": true,
      "dependencies": {
        "@types/marked": "^2.0.4",
        "marked": "^2.1.0"
      },
      "bin": {
        "prpl": "bin/prpl.js"
      }
    },
    "../../../packages/plugin-html-imports/node_modules/@types/marked": {
      "version": "2.0.4",
      "license": "MIT",
      "peer": true
    },
    "../../../packages/plugin-html-imports/node_modules/marked": {
      "version": "2.1.3",
      "license": "MIT",
      "peer": true,
      "bin": {
        "marked": "bin/marked"
      },
      "engines": {
        "node": ">= 10"
      }
    },
    "../../../packages/plugin-rss": {
      "name": "@prpl/plugin-rss",
      "version": "0.2.10",
      "license": "MIT",
      "peerDependencies": {
        "@prpl/core": ">=0.2.0"
      }
    },
    "../../../packages/plugin-rss/node_modules/@prpl/core": {
      "version": "0.2.0",
      "license": "MIT",
      "peer": true,
      "dependencies": {
        "@types/marked": "^2.0.4",
        "marked": "^2.1.0"
      },
      "bin": {
        "prpl": "bin/prpl.js"
      }
    },
    "../../../packages/plugin-rss/node_modules/@types/marked": {
      "version": "2.0.4",
      "license": "MIT",
      "peer": true
    },
    "../../../packages/plugin-rss/node_modules/marked": {
      "version": "2.1.3",
      "license": "MIT",
      "peer": true,
      "bin": {
        "marked": "bin/marked"
      },
      "engines": {
        "node": ">= 10"
      }
    },
    "../../../packages/plugin-sitemap": {
      "name": "@prpl/plugin-sitemap",
      "version": "0.1.11",
      "license": "MIT",
      "peerDependencies": {
        "@prpl/core": ">=0.2.0"
      }
    },
    "../../../packages/plugin-sitemap/node_modules/@prpl/core": {
      "version": "0.2.0",
      "license": "MIT",
      "peer": true,
      "dependencies": {
        "@types/marked": "^2.0.4",
        "marked": "^2.1.0"
      },
      "bin": {
        "prpl": "bin/prpl.js"
      }
    },
    "../../../packages/plugin-sitemap/node_modules/@types/marked": {
      "version": "2.0.4",
      "license": "MIT",
      "peer": true
    },
    "../../../packages/plugin-sitemap/node_modules/marked": {
      "version": "2.1.3",
      "license": "MIT",
      "peer": true,
      "bin": {
        "marked": "bin/marked"
      },
      "engines": {
        "node": ">= 10"
      }
    },
    "node_modules/@prpl/core": {
      "resolved": "../../../packages/core",
      "link": true
    },
    "node_modules/@prpl/plugin-code-highlight": {
      "resolved": "../../../packages/plugin-code-highlight",
      "link": true
    },
    "node_modules/@prpl/plugin-css-imports": {
      "resolved": "../../../packages/plugin-css-imports",
      "link": true
    },
    "node_modules/@prpl/plugin-html-imports": {
      "resolved": "../../../packages/plugin-html-imports",
      "link": true
    },
    "node_modules/@prpl/plugin-rss": {
      "resolved": "../../../packages/plugin-rss",
      "link": true
    },
    "node_modules/@prpl/plugin-sitemap": {
      "resolved": "../../../packages/plugin-sitemap",
      "link": true
    }
  },
  "dependencies": {
    "@prpl/core": {
      "version": "file:../../../packages/core",
      "requires": {
        "@types/marked": "^4.0.2",
        "marked": "^4.0.12"
      },
      "dependencies": {
        "@types/marked": {
          "version": "4.0.2"
        },
        "marked": {
          "version": "4.0.12"
        }
      }
    },
    "@prpl/plugin-code-highlight": {
      "version": "file:../../../packages/plugin-code-highlight",
      "requires": {
        "highlight.js": "11.2.0",
        "html-escaper": "^3.0.3"
      },
      "dependencies": {
        "@prpl/core": {
          "version": "0.2.0",
          "peer": true,
          "requires": {
            "@types/marked": "^2.0.4",
            "marked": "^2.1.0"
          }
        },
        "@types/marked": {
          "version": "2.0.4",
          "peer": true
        },
        "highlight.js": {
          "version": "11.2.0"
        },
        "html-escaper": {
          "version": "3.0.3"
        },
        "marked": {
          "version": "2.1.3",
          "peer": true
        }
      }
    },
    "@prpl/plugin-css-imports": {
      "version": "file:../../../packages/plugin-css-imports",
      "requires": {},
      "dependencies": {
        "@prpl/core": {
          "version": "0.2.0",
          "peer": true,
          "requires": {
            "@types/marked": "^2.0.4",
            "marked": "^2.1.0"
          }
        },
        "@types/marked": {
          "version": "2.0.4",
          "peer": true
        },
        "marked": {
          "version": "2.1.3",
          "peer": true
        }
      }
    },
    "@prpl/plugin-html-imports": {
      "version": "file:../../../packages/plugin-html-imports",
      "requires": {},
      "dependencies": {
        "@prpl/core": {
          "version": "0.2.0",
          "peer": true,
          "requires": {
            "@types/marked": "^2.0.4",
            "marked": "^2.1.0"
          }
        },
        "@types/marked": {
          "version": "2.0.4",
          "peer": true
        },
        "marked": {
          "version": "2.1.3",
          "peer": true
        }
      }
    },
    "@prpl/plugin-rss": {
      "version": "file:../../../packages/plugin-rss",
      "requires": {},
      "dependencies": {
        "@prpl/core": {
          "version": "0.2.0",
          "peer": true,
          "requires": {
            "@types/marked": "^2.0.4",
            "marked": "^2.1.0"
          }
        },
        "@types/marked": {
          "version": "2.0.4",
          "peer": true
        },
        "marked": {
          "version": "2.1.3",
          "peer": true
        }
      }
    },
    "@prpl/plugin-sitemap": {
      "version": "file:../../../packages/plugin-sitemap",
      "requires": {},
      "dependencies": {
        "@prpl/core": {
          "version": "0.2.0",
          "peer": true,
          "requires": {
            "@types/marked": "^2.0.4",
            "marked": "^2.1.0"
          }
        },
        "@types/marked": {
          "version": "2.0.4",
          "peer": true
        },
        "marked": {
          "version": "2.1.3",
          "peer": true
        }
      }
    }
  }
}
