{
  "name": "@prpl/core",
  "version": "0.3.3",
  "lockfileVersion": 2,
  "requires": true,
  "packages": {
    "": {
      "name": "@prpl/core",
      "version": "0.3.3",
      "license": "MIT",
      "dependencies": {
        "@types/marked": "^4.0.2",
        "marked": "^4.0.12"
      },
      "bin": {
        "prpl": "bin/prpl.js"
      }
    },
    "node_modules/@types/marked": {
      "version": "4.0.2",
      "resolved": "https://registry.npmjs.org/@types/marked/-/marked-4.0.2.tgz",
      "integrity": "sha512-auNrZ/c0w6wsM9DccwVxWHssrMDezHUAXNesdp2RQrCVCyrQbOiSq7yqdJKrUQQpw9VTm7CGYJH2A/YG7jjrjQ=="
    },
    "node_modules/marked": {
      "version": "4.0.12",
      "resolved": "https://registry.npmjs.org/marked/-/marked-4.0.12.tgz",
      "integrity": "sha512-hgibXWrEDNBWgGiK18j/4lkS6ihTe9sxtV4Q1OQppb/0zzyPSzoFANBa5MfsG/zgsWklmNnhm0XACZOH/0HBiQ==",
      "bin": {
        "marked": "bin/marked.js"
      },
      "engines": {
        "node": ">= 12"
      }
    }
  },
  "dependencies": {
    "@types/marked": {
      "version": "4.0.2",
      "resolved": "https://registry.npmjs.org/@types/marked/-/marked-4.0.2.tgz",
      "integrity": "sha512-auNrZ/c0w6wsM9DccwVxWHssrMDezHUAXNesdp2RQrCVCyrQbOiSq7yqdJKrUQQpw9VTm7CGYJH2A/YG7jjrjQ=="
    },
    "marked": {
      "version": "4.0.12",
      "resolved": "https://registry.npmjs.org/marked/-/marked-4.0.12.tgz",
      "integrity": "sha512-hgibXWrEDNBWgGiK18j/4lkS6ihTe9sxtV4Q1OQppb/0zzyPSzoFANBa5MfsG/zgsWklmNnhm0XACZOH/0HBiQ=="
    }
  }
}
