{
  "name": "@prpl/core",
  "version": "0.3.4",
  "lockfileVersion": 2,
  "requires": true,
  "packages": {
    "": {
      "name": "@prpl/core",
      "version": "0.3.4",
      "license": "MIT",
      "dependencies": {
        "idb-keyval": "^6.1.0",
        "marked": "^4.0.12"
      },
      "bin": {
        "prpl": "bin/prpl.js"
      },
      "devDependencies": {
        "@types/marked": "^4.0.2"
      }
    },
    "node_modules/@types/marked": {
      "version": "4.0.2",
      "resolved": "https://registry.npmjs.org/@types/marked/-/marked-4.0.2.tgz",
      "integrity": "sha512-auNrZ/c0w6wsM9DccwVxWHssrMDezHUAXNesdp2RQrCVCyrQbOiSq7yqdJKrUQQpw9VTm7CGYJH2A/YG7jjrjQ==",
      "dev": true
    },
    "node_modules/idb-keyval": {
      "version": "6.1.0",
      "resolved": "https://registry.npmjs.org/idb-keyval/-/idb-keyval-6.1.0.tgz",
      "integrity": "sha512-u/qHZ75rlD3gH+Zah8dAJVJcGW/RfCnfNrFkElC5RpRCnpsCXXhqjVk+6MoVKJ3WhmNbRYdI6IIVP88e+5sxGw==",
      "dependencies": {
        "safari-14-idb-fix": "^3.0.0"
      }
    },
    "node_modules/marked": {
      "version": "4.0.12",
      "resolved": "https://registry.npmjs.org/marked/-/marked-4.0.12.tgz",
      "integrity": "sha512-hgibXWrEDNBWgGiK18j/4lkS6ihTe9sxtV4Q1OQppb/0zzyPSzoFANBa5MfsG/zgsWklmNnhm0XACZOH/0HBiQ==",
      "bin": {
        "marked": "bin/marked.js"
      },
      "engines": {
        "node": ">= 12"
      }
    },
    "node_modules/safari-14-idb-fix": {
      "version": "3.0.0",
      "resolved": "https://registry.npmjs.org/safari-14-idb-fix/-/safari-14-idb-fix-3.0.0.tgz",
      "integrity": "sha512-eBNFLob4PMq8JA1dGyFn6G97q3/WzNtFK4RnzT1fnLq+9RyrGknzYiM/9B12MnKAxuj1IXr7UKYtTNtjyKMBog=="
    }
  },
  "dependencies": {
    "@types/marked": {
      "version": "4.0.2",
      "resolved": "https://registry.npmjs.org/@types/marked/-/marked-4.0.2.tgz",
      "integrity": "sha512-auNrZ/c0w6wsM9DccwVxWHssrMDezHUAXNesdp2RQrCVCyrQbOiSq7yqdJKrUQQpw9VTm7CGYJH2A/YG7jjrjQ==",
      "dev": true
    },
    "idb-keyval": {
      "version": "6.1.0",
      "resolved": "https://registry.npmjs.org/idb-keyval/-/idb-keyval-6.1.0.tgz",
      "integrity": "sha512-u/qHZ75rlD3gH+Zah8dAJVJcGW/RfCnfNrFkElC5RpRCnpsCXXhqjVk+6MoVKJ3WhmNbRYdI6IIVP88e+5sxGw==",
      "requires": {
        "safari-14-idb-fix": "^3.0.0"
      }
    },
    "marked": {
      "version": "4.0.12",
      "resolved": "https://registry.npmjs.org/marked/-/marked-4.0.12.tgz",
      "integrity": "sha512-hgibXWrEDNBWgGiK18j/4lkS6ihTe9sxtV4Q1OQppb/0zzyPSzoFANBa5MfsG/zgsWklmNnhm0XACZOH/0HBiQ=="
    },
    "safari-14-idb-fix": {
      "version": "3.0.0",
      "resolved": "https://registry.npmjs.org/safari-14-idb-fix/-/safari-14-idb-fix-3.0.0.tgz",
      "integrity": "sha512-eBNFLob4PMq8JA1dGyFn6G97q3/WzNtFK4RnzT1fnLq+9RyrGknzYiM/9B12MnKAxuj1IXr7UKYtTNtjyKMBog=="
    }
  }
}
