{
  "name": "@prpl/plugin-html-imports",
  "version": "0.2.12",
  "lockfileVersion": 2,
  "requires": true,
  "packages": {
    "": {
      "name": "@prpl/plugin-html-imports",
      "version": "0.2.11",
      "license": "MIT",
      "peerDependencies": {
        "@prpl/core": ">=0.3.4"
      }
    },
    "node_modules/@prpl/core": {
      "version": "0.3.4",
      "resolved": "https://registry.npmjs.org/@prpl/core/-/core-0.3.4.tgz",
      "integrity": "sha512-K9+jmDKxmwu7Hq35nEzK44N59T9/+PlK23hKoDK6i1FjXfS6ll1/EDD9/eFZNoFY4uD3UaX9lmGK8mVRniCjJw==",
      "peer": true,
      "dependencies": {
        "@types/marked": "^4.0.2",
        "marked": "^4.0.12"
      },
      "bin": {
        "prpl": "bin/prpl.js"
      }
    },
    "node_modules/@types/marked": {
      "version": "4.0.2",
      "resolved": "https://registry.npmjs.org/@types/marked/-/marked-4.0.2.tgz",
      "integrity": "sha512-auNrZ/c0w6wsM9DccwVxWHssrMDezHUAXNesdp2RQrCVCyrQbOiSq7yqdJKrUQQpw9VTm7CGYJH2A/YG7jjrjQ==",
      "peer": true
    },
    "node_modules/marked": {
      "version": "4.0.12",
      "resolved": "https://registry.npmjs.org/marked/-/marked-4.0.12.tgz",
      "integrity": "sha512-hgibXWrEDNBWgGiK18j/4lkS6ihTe9sxtV4Q1OQppb/0zzyPSzoFANBa5MfsG/zgsWklmNnhm0XACZOH/0HBiQ==",
      "peer": true,
      "bin": {
        "marked": "bin/marked.js"
      },
      "engines": {
        "node": ">= 12"
      }
    }
  },
  "dependencies": {
    "@prpl/core": {
      "version": "0.3.4",
      "resolved": "https://registry.npmjs.org/@prpl/core/-/core-0.3.4.tgz",
      "integrity": "sha512-K9+jmDKxmwu7Hq35nEzK44N59T9/+PlK23hKoDK6i1FjXfS6ll1/EDD9/eFZNoFY4uD3UaX9lmGK8mVRniCjJw==",
      "peer": true,
      "requires": {
        "@types/marked": "^4.0.2",
        "marked": "^4.0.12"
      }
    },
    "@types/marked": {
      "version": "4.0.2",
      "resolved": "https://registry.npmjs.org/@types/marked/-/marked-4.0.2.tgz",
      "integrity": "sha512-auNrZ/c0w6wsM9DccwVxWHssrMDezHUAXNesdp2RQrCVCyrQbOiSq7yqdJKrUQQpw9VTm7CGYJH2A/YG7jjrjQ==",
      "peer": true
    },
    "marked": {
      "version": "4.0.12",
      "resolved": "https://registry.npmjs.org/marked/-/marked-4.0.12.tgz",
      "integrity": "sha512-hgibXWrEDNBWgGiK18j/4lkS6ihTe9sxtV4Q1OQppb/0zzyPSzoFANBa5MfsG/zgsWklmNnhm0XACZOH/0HBiQ==",
      "peer": true
    }
  }
}
