{
  "name": "test-site-core",
  "version": "0.0.1",
  "lockfileVersion": 2,
  "requires": true,
  "packages": {
    "": {
      "name": "test-site-core",
      "version": "0.0.1",
      "dependencies": {
        "@prpl/core": "file:../../../packages/core"
      }
    },
    "../../../packages/core": {
      "name": "@prpl/core",
      "version": "0.3.4",
      "license": "MIT",
      "dependencies": {
        "@types/marked": "^4.0.2",
        "marked": "^4.0.12"
      },
      "bin": {
        "prpl": "bin/prpl.js"
      }
    },
    "../../../packages/core/node_modules/@types/marked": {
      "version": "4.0.2",
      "license": "MIT"
    },
    "../../../packages/core/node_modules/marked": {
      "version": "4.0.12",
      "license": "MIT",
      "bin": {
        "marked": "bin/marked.js"
      },
      "engines": {
        "node": ">= 12"
      }
    },
    "node_modules/@prpl/core": {
      "resolved": "../../../packages/core",
      "link": true
    }
  },
  "dependencies": {
    "@prpl/core": {
      "version": "file:../../../packages/core",
      "requires": {
        "@types/marked": "^4.0.2",
        "marked": "^4.0.12"
      },
      "dependencies": {
        "@types/marked": {
          "version": "4.0.2"
        },
        "marked": {
          "version": "4.0.12"
        }
      }
    }
  }
}
