{
  "name": "prpl-example-basic",
  "version": "1.0.0",
  "lockfileVersion": 1,
  "requires": true,
  "dependencies": {
    "prpl": {
      "version": "file:../../prpl",
      "requires": {
        "directory-tree": "^2.2.5",
        "marked": "^1.2.5"
      },
      "dependencies": {
        "directory-tree": {
          "version": "2.2.5",
          "resolved": "https://registry.npmjs.org/directory-tree/-/directory-tree-2.2.5.tgz",
          "integrity": "sha512-qmeuql8N7hQB5b+cnlvbcHSjKBNpRjLY5KcvyFd9CTC5uTN7sJshEQ/ExZidAcEUEYcC/76i8ikLtbBMG81YRg=="
        },
        "marked": {
          "version": "1.2.5",
          "resolved": "https://registry.npmjs.org/marked/-/marked-1.2.5.tgz",
          "integrity": "sha512-2AlqgYnVPOc9WDyWu7S5DJaEZsfk6dNh/neatQ3IHUW4QLutM/VPSH9lG7bif+XjFWc9K9XR3QvR+fXuECmfdA=="
        }
      }
    }
  }
}
