{
  "name": "interpolate",
  "version": "0.0.1",
  "lockfileVersion": 2,
  "requires": true,
  "packages": {
    "": {
      "name": "interpolate",
      "version": "0.0.1",
      "dependencies": {
        "@prpl/core": "file:../../packages/core",
        "@prpl/plugin-code-highlight": "file:../../packages/plugin-code-highlight",
        "@prpl/plugin-css-imports": "file:../../packages/plugin-css-imports",
        "@prpl/plugin-html-imports": "file:../../packages/plugin-html-imports",
        "@prpl/plugin-rss": "file:../../packages/plugin-rss",
        "@prpl/plugin-sitemap": "file:../../packages/plugin-sitemap"
      },
      "devDependencies": {
        "@prpl/server": "file:../../packages/server"
      }
    },
    "../../packages/core": {
      "name": "@prpl/core",
      "version": "0.3.4",
      "license": "MIT",
      "dependencies": {
        "@types/marked": "^4.0.2",
        "marked": "^4.0.12"
      },
      "bin": {
        "prpl": "bin/prpl.js"
      }
    },
    "../../packages/core/node_modules/@types/marked": {
      "version": "4.0.2",
      "license": "MIT"
    },
    "../../packages/core/node_modules/marked": {
      "version": "4.0.12",
      "license": "MIT",
      "bin": {
        "marked": "bin/marked.js"
      },
      "engines": {
        "node": ">= 12"
      }
    },
    "../../packages/plugin-code-highlight": {
      "name": "@prpl/plugin-code-highlight",
      "version": "0.3.6",
      "license": "MIT",
      "dependencies": {
        "highlight.js": "11.2.0",
        "html-escaper": "^3.0.3"
      },
      "peerDependencies": {
        "@prpl/core": ">=0.2.0"
      }
    },
    "../../packages/plugin-code-highlight/node_modules/@prpl/core": {
      "version": "0.2.0",
      "license": "MIT",
      "peer": true,
      "dependencies": {
        "@types/marked": "^2.0.4",
        "marked": "^2.1.0"
      },
      "bin": {
        "prpl": "bin/prpl.js"
      }
    },
    "../../packages/plugin-code-highlight/node_modules/@types/marked": {
      "version": "2.0.4",
      "license": "MIT",
      "peer": true
    },
    "../../packages/plugin-code-highlight/node_modules/highlight.js": {
      "version": "11.2.0",
      "license": "BSD-3-Clause",
      "engines": {
        "node": ">=12.0.0"
      }
    },
    "../../packages/plugin-code-highlight/node_modules/html-escaper": {
      "version": "3.0.3",
      "license": "MIT"
    },
    "../../packages/plugin-code-highlight/node_modules/marked": {
      "version": "2.1.3",
      "license": "MIT",
      "peer": true,
      "bin": {
        "marked": "bin/marked"
      },
      "engines": {
        "node": ">= 10"
      }
    },
    "../../packages/plugin-css-imports": {
      "name": "@prpl/plugin-css-imports",
      "version": "0.2.11",
      "license": "MIT",
      "peerDependencies": {
        "@prpl/core": ">=0.2.0"
      }
    },
    "../../packages/plugin-css-imports/node_modules/@prpl/core": {
      "version": "0.2.0",
      "license": "MIT",
      "peer": true,
      "dependencies": {
        "@types/marked": "^2.0.4",
        "marked": "^2.1.0"
      },
      "bin": {
        "prpl": "bin/prpl.js"
      }
    },
    "../../packages/plugin-css-imports/node_modules/@types/marked": {
      "version": "2.0.4",
      "license": "MIT",
      "peer": true
    },
    "../../packages/plugin-css-imports/node_modules/marked": {
      "version": "2.1.3",
      "license": "MIT",
      "peer": true,
      "bin": {
        "marked": "bin/marked"
      },
      "engines": {
        "node": ">= 10"
      }
    },
    "../../packages/plugin-html-imports": {
      "name": "@prpl/plugin-html-imports",
      "version": "0.2.11",
      "license": "MIT",
      "peerDependencies": {
        "@prpl/core": ">=0.2.0"
      }
    },
    "../../packages/plugin-html-imports/node_modules/@prpl/core": {
      "version": "0.2.0",
      "license": "MIT",
      "peer": true,
      "dependencies": {
        "@types/marked": "^2.0.4",
        "marked": "^2.1.0"
      },
      "bin": {
        "prpl": "bin/prpl.js"
      }
    },
    "../../packages/plugin-html-imports/node_modules/@types/marked": {
      "version": "2.0.4",
      "license": "MIT",
      "peer": true
    },
    "../../packages/plugin-html-imports/node_modules/marked": {
      "version": "2.1.3",
      "license": "MIT",
      "peer": true,
      "bin": {
        "marked": "bin/marked"
      },
      "engines": {
        "node": ">= 10"
      }
    },
    "../../packages/plugin-rss": {
      "name": "@prpl/plugin-rss",
      "version": "0.2.10",
      "license": "MIT",
      "peerDependencies": {
        "@prpl/core": ">=0.2.0"
      }
    },
    "../../packages/plugin-rss/node_modules/@prpl/core": {
      "version": "0.2.0",
      "license": "MIT",
      "peer": true,
      "dependencies": {
        "@types/marked": "^2.0.4",
        "marked": "^2.1.0"
      },
      "bin": {
        "prpl": "bin/prpl.js"
      }
    },
    "../../packages/plugin-rss/node_modules/@types/marked": {
      "version": "2.0.4",
      "license": "MIT",
      "peer": true
    },
    "../../packages/plugin-rss/node_modules/marked": {
      "version": "2.1.3",
      "license": "MIT",
      "peer": true,
      "bin": {
        "marked": "bin/marked"
      },
      "engines": {
        "node": ">= 10"
      }
    },
    "../../packages/plugin-sitemap": {
      "name": "@prpl/plugin-sitemap",
      "version": "0.1.11",
      "license": "MIT",
      "peerDependencies": {
        "@prpl/core": ">=0.2.0"
      }
    },
    "../../packages/plugin-sitemap/node_modules/@prpl/core": {
      "version": "0.2.0",
      "license": "MIT",
      "peer": true,
      "dependencies": {
        "@types/marked": "^2.0.4",
        "marked": "^2.1.0"
      },
      "bin": {
        "prpl": "bin/prpl.js"
      }
    },
    "../../packages/plugin-sitemap/node_modules/@types/marked": {
      "version": "2.0.4",
      "license": "MIT",
      "peer": true
    },
    "../../packages/plugin-sitemap/node_modules/marked": {
      "version": "2.1.3",
      "license": "MIT",
      "peer": true,
      "bin": {
        "marked": "bin/marked"
      },
      "engines": {
        "node": ">= 10"
      }
    },
    "../../packages/server": {
      "name": "@prpl/server",
      "version": "0.1.10",
      "dev": true,
      "license": "MIT",
      "dependencies": {
        "chokidar": "^3.5.2",
        "faye-websocket": "^0.11.4",
        "open": "^8.2.0",
        "serve-handler": "^6.1.3"
      },
      "bin": {
        "prpl-server": "bin/prpl-server.js"
      },
      "peerDependencies": {
        "@prpl/core": ">=0.2.0"
      }
    },
    "../../packages/server/node_modules/anymatch": {
      "version": "3.1.2",
      "dev": true,
      "license": "ISC",
      "dependencies": {
        "normalize-path": "^3.0.0",
        "picomatch": "^2.0.4"
      },
      "engines": {
        "node": ">= 8"
      }
    },
    "../../packages/server/node_modules/balanced-match": {
      "version": "1.0.2",
      "dev": true,
      "license": "MIT"
    },
    "../../packages/server/node_modules/binary-extensions": {
      "version": "2.2.0",
      "dev": true,
      "license": "MIT",
      "engines": {
        "node": ">=8"
      }
    },
    "../../packages/server/node_modules/brace-expansion": {
      "version": "1.1.11",
      "dev": true,
      "license": "MIT",
      "dependencies": {
        "balanced-match": "^1.0.0",
        "concat-map": "0.0.1"
      }
    },
    "../../packages/server/node_modules/braces": {
      "version": "3.0.2",
      "dev": true,
      "license": "MIT",
      "dependencies": {
        "fill-range": "^7.0.1"
      },
      "engines": {
        "node": ">=8"
      }
    },
    "../../packages/server/node_modules/bytes": {
      "version": "3.0.0",
      "dev": true,
      "license": "MIT",
      "engines": {
        "node": ">= 0.8"
      }
    },
    "../../packages/server/node_modules/chokidar": {
      "version": "3.5.3",
      "dev": true,
      "funding": [
        {
          "type": "individual",
          "url": "https://paulmillr.com/funding/"
        }
      ],
      "license": "MIT",
      "dependencies": {
        "anymatch": "~3.1.2",
        "braces": "~3.0.2",
        "glob-parent": "~5.1.2",
        "is-binary-path": "~2.1.0",
        "is-glob": "~4.0.1",
        "normalize-path": "~3.0.0",
        "readdirp": "~3.6.0"
      },
      "engines": {
        "node": ">= 8.10.0"
      },
      "optionalDependencies": {
        "fsevents": "~2.3.2"
      }
    },
    "../../packages/server/node_modules/concat-map": {
      "version": "0.0.1",
      "dev": true,
      "license": "MIT"
    },
    "../../packages/server/node_modules/content-disposition": {
      "version": "0.5.2",
      "dev": true,
      "license": "MIT",
      "engines": {
        "node": ">= 0.6"
      }
    },
    "../../packages/server/node_modules/define-lazy-prop": {
      "version": "2.0.0",
      "dev": true,
      "license": "MIT",
      "engines": {
        "node": ">=8"
      }
    },
    "../../packages/server/node_modules/fast-url-parser": {
      "version": "1.1.3",
      "dev": true,
      "license": "MIT",
      "dependencies": {
        "punycode": "^1.3.2"
      }
    },
    "../../packages/server/node_modules/faye-websocket": {
      "version": "0.11.4",
      "dev": true,
      "license": "Apache-2.0",
      "dependencies": {
        "websocket-driver": ">=0.5.1"
      },
      "engines": {
        "node": ">=0.8.0"
      }
    },
    "../../packages/server/node_modules/fill-range": {
      "version": "7.0.1",
      "dev": true,
      "license": "MIT",
      "dependencies": {
        "to-regex-range": "^5.0.1"
      },
      "engines": {
        "node": ">=8"
      }
    },
    "../../packages/server/node_modules/fsevents": {
      "version": "2.3.2",
      "dev": true,
      "license": "MIT",
      "optional": true,
      "os": [
        "darwin"
      ],
      "engines": {
        "node": "^8.16.0 || ^10.6.0 || >=11.0.0"
      }
    },
    "../../packages/server/node_modules/glob-parent": {
      "version": "5.1.2",
      "dev": true,
      "license": "ISC",
      "dependencies": {
        "is-glob": "^4.0.1"
      },
      "engines": {
        "node": ">= 6"
      }
    },
    "../../packages/server/node_modules/http-parser-js": {
      "version": "0.5.5",
      "dev": true,
      "license": "MIT"
    },
    "../../packages/server/node_modules/is-binary-path": {
      "version": "2.1.0",
      "dev": true,
      "license": "MIT",
      "dependencies": {
        "binary-extensions": "^2.0.0"
      },
      "engines": {
        "node": ">=8"
      }
    },
    "../../packages/server/node_modules/is-docker": {
      "version": "2.2.1",
      "dev": true,
      "license": "MIT",
      "bin": {
        "is-docker": "cli.js"
      },
      "engines": {
        "node": ">=8"
      },
      "funding": {
        "url": "https://github.com/sponsors/sindresorhus"
      }
    },
    "../../packages/server/node_modules/is-extglob": {
      "version": "2.1.1",
      "dev": true,
      "license": "MIT",
      "engines": {
        "node": ">=0.10.0"
      }
    },
    "../../packages/server/node_modules/is-glob": {
      "version": "4.0.3",
      "dev": true,
      "license": "MIT",
      "dependencies": {
        "is-extglob": "^2.1.1"
      },
      "engines": {
        "node": ">=0.10.0"
      }
    },
    "../../packages/server/node_modules/is-number": {
      "version": "7.0.0",
      "dev": true,
      "license": "MIT",
      "engines": {
        "node": ">=0.12.0"
      }
    },
    "../../packages/server/node_modules/is-wsl": {
      "version": "2.2.0",
      "dev": true,
      "license": "MIT",
      "dependencies": {
        "is-docker": "^2.0.0"
      },
      "engines": {
        "node": ">=8"
      }
    },
    "../../packages/server/node_modules/mime-db": {
      "version": "1.33.0",
      "dev": true,
      "license": "MIT",
      "engines": {
        "node": ">= 0.6"
      }
    },
    "../../packages/server/node_modules/mime-types": {
      "version": "2.1.18",
      "dev": true,
      "license": "MIT",
      "dependencies": {
        "mime-db": "~1.33.0"
      },
      "engines": {
        "node": ">= 0.6"
      }
    },
    "../../packages/server/node_modules/minimatch": {
      "version": "3.0.4",
      "dev": true,
      "license": "ISC",
      "dependencies": {
        "brace-expansion": "^1.1.7"
      },
      "engines": {
        "node": "*"
      }
    },
    "../../packages/server/node_modules/normalize-path": {
      "version": "3.0.0",
      "dev": true,
      "license": "MIT",
      "engines": {
        "node": ">=0.10.0"
      }
    },
    "../../packages/server/node_modules/open": {
      "version": "8.4.0",
      "dev": true,
      "license": "MIT",
      "dependencies": {
        "define-lazy-prop": "^2.0.0",
        "is-docker": "^2.1.1",
        "is-wsl": "^2.2.0"
      },
      "engines": {
        "node": ">=12"
      },
      "funding": {
        "url": "https://github.com/sponsors/sindresorhus"
      }
    },
    "../../packages/server/node_modules/path-is-inside": {
      "version": "1.0.2",
      "dev": true,
      "license": "(WTFPL OR MIT)"
    },
    "../../packages/server/node_modules/path-to-regexp": {
      "version": "2.2.1",
      "dev": true,
      "license": "MIT"
    },
    "../../packages/server/node_modules/picomatch": {
      "version": "2.3.1",
      "dev": true,
      "license": "MIT",
      "engines": {
        "node": ">=8.6"
      },
      "funding": {
        "url": "https://github.com/sponsors/jonschlinkert"
      }
    },
    "../../packages/server/node_modules/punycode": {
      "version": "1.4.1",
      "dev": true,
      "license": "MIT"
    },
    "../../packages/server/node_modules/range-parser": {
      "version": "1.2.0",
      "dev": true,
      "license": "MIT",
      "engines": {
        "node": ">= 0.6"
      }
    },
    "../../packages/server/node_modules/readdirp": {
      "version": "3.6.0",
      "dev": true,
      "license": "MIT",
      "dependencies": {
        "picomatch": "^2.2.1"
      },
      "engines": {
        "node": ">=8.10.0"
      }
    },
    "../../packages/server/node_modules/safe-buffer": {
      "version": "5.2.1",
      "dev": true,
      "funding": [
        {
          "type": "github",
          "url": "https://github.com/sponsors/feross"
        },
        {
          "type": "patreon",
          "url": "https://www.patreon.com/feross"
        },
        {
          "type": "consulting",
          "url": "https://feross.org/support"
        }
      ],
      "license": "MIT"
    },
    "../../packages/server/node_modules/serve-handler": {
      "version": "6.1.3",
      "dev": true,
      "license": "MIT",
      "dependencies": {
        "bytes": "3.0.0",
        "content-disposition": "0.5.2",
        "fast-url-parser": "1.1.3",
        "mime-types": "2.1.18",
        "minimatch": "3.0.4",
        "path-is-inside": "1.0.2",
        "path-to-regexp": "2.2.1",
        "range-parser": "1.2.0"
      }
    },
    "../../packages/server/node_modules/to-regex-range": {
      "version": "5.0.1",
      "dev": true,
      "license": "MIT",
      "dependencies": {
        "is-number": "^7.0.0"
      },
      "engines": {
        "node": ">=8.0"
      }
    },
    "../../packages/server/node_modules/websocket-driver": {
      "version": "0.7.4",
      "dev": true,
      "license": "Apache-2.0",
      "dependencies": {
        "http-parser-js": ">=0.5.1",
        "safe-buffer": ">=5.1.0",
        "websocket-extensions": ">=0.1.1"
      },
      "engines": {
        "node": ">=0.8.0"
      }
    },
    "../../packages/server/node_modules/websocket-extensions": {
      "version": "0.1.4",
      "dev": true,
      "license": "Apache-2.0",
      "engines": {
        "node": ">=0.8.0"
      }
    },
    "node_modules/@prpl/core": {
      "resolved": "../../packages/core",
      "link": true
    },
    "node_modules/@prpl/plugin-code-highlight": {
      "resolved": "../../packages/plugin-code-highlight",
      "link": true
    },
    "node_modules/@prpl/plugin-css-imports": {
      "resolved": "../../packages/plugin-css-imports",
      "link": true
    },
    "node_modules/@prpl/plugin-html-imports": {
      "resolved": "../../packages/plugin-html-imports",
      "link": true
    },
    "node_modules/@prpl/plugin-rss": {
      "resolved": "../../packages/plugin-rss",
      "link": true
    },
    "node_modules/@prpl/plugin-sitemap": {
      "resolved": "../../packages/plugin-sitemap",
      "link": true
    },
    "node_modules/@prpl/server": {
      "resolved": "../../packages/server",
      "link": true
    }
  },
  "dependencies": {
    "@prpl/core": {
      "version": "file:../../packages/core",
      "requires": {
        "@types/marked": "^4.0.2",
        "marked": "^4.0.12"
      },
      "dependencies": {
        "@types/marked": {
          "version": "4.0.2"
        },
        "marked": {
          "version": "4.0.12"
        }
      }
    },
    "@prpl/plugin-code-highlight": {
      "version": "file:../../packages/plugin-code-highlight",
      "requires": {
        "highlight.js": "11.2.0",
        "html-escaper": "^3.0.3"
      },
      "dependencies": {
        "@prpl/core": {
          "version": "0.2.0",
          "peer": true,
          "requires": {
            "@types/marked": "^2.0.4",
            "marked": "^2.1.0"
          }
        },
        "@types/marked": {
          "version": "2.0.4",
          "peer": true
        },
        "highlight.js": {
          "version": "11.2.0"
        },
        "html-escaper": {
          "version": "3.0.3"
        },
        "marked": {
          "version": "2.1.3",
          "peer": true
        }
      }
    },
    "@prpl/plugin-css-imports": {
      "version": "file:../../packages/plugin-css-imports",
      "requires": {},
      "dependencies": {
        "@prpl/core": {
          "version": "0.2.0",
          "peer": true,
          "requires": {
            "@types/marked": "^2.0.4",
            "marked": "^2.1.0"
          }
        },
        "@types/marked": {
          "version": "2.0.4",
          "peer": true
        },
        "marked": {
          "version": "2.1.3",
          "peer": true
        }
      }
    },
    "@prpl/plugin-html-imports": {
      "version": "file:../../packages/plugin-html-imports",
      "requires": {},
      "dependencies": {
        "@prpl/core": {
          "version": "0.2.0",
          "peer": true,
          "requires": {
            "@types/marked": "^2.0.4",
            "marked": "^2.1.0"
          }
        },
        "@types/marked": {
          "version": "2.0.4",
          "peer": true
        },
        "marked": {
          "version": "2.1.3",
          "peer": true
        }
      }
    },
    "@prpl/plugin-rss": {
      "version": "file:../../packages/plugin-rss",
      "requires": {},
      "dependencies": {
        "@prpl/core": {
          "version": "0.2.0",
          "peer": true,
          "requires": {
            "@types/marked": "^2.0.4",
            "marked": "^2.1.0"
          }
        },
        "@types/marked": {
          "version": "2.0.4",
          "peer": true
        },
        "marked": {
          "version": "2.1.3",
          "peer": true
        }
      }
    },
    "@prpl/plugin-sitemap": {
      "version": "file:../../packages/plugin-sitemap",
      "requires": {},
      "dependencies": {
        "@prpl/core": {
          "version": "0.2.0",
          "peer": true,
          "requires": {
            "@types/marked": "^2.0.4",
            "marked": "^2.1.0"
          }
        },
        "@types/marked": {
          "version": "2.0.4",
          "peer": true
        },
        "marked": {
          "version": "2.1.3",
          "peer": true
        }
      }
    },
    "@prpl/server": {
      "version": "file:../../packages/server",
      "requires": {
        "chokidar": "^3.5.2",
        "faye-websocket": "^0.11.4",
        "open": "^8.2.0",
        "serve-handler": "^6.1.3"
      },
      "dependencies": {
        "anymatch": {
          "version": "3.1.2",
          "dev": true,
          "requires": {
            "normalize-path": "^3.0.0",
            "picomatch": "^2.0.4"
          }
        },
        "balanced-match": {
          "version": "1.0.2",
          "dev": true
        },
        "binary-extensions": {
          "version": "2.2.0",
          "dev": true
        },
        "brace-expansion": {
          "version": "1.1.11",
          "dev": true,
          "requires": {
            "balanced-match": "^1.0.0",
            "concat-map": "0.0.1"
          }
        },
        "braces": {
          "version": "3.0.2",
          "dev": true,
          "requires": {
            "fill-range": "^7.0.1"
          }
        },
        "bytes": {
          "version": "3.0.0",
          "dev": true
        },
        "chokidar": {
          "version": "3.5.3",
          "dev": true,
          "requires": {
            "anymatch": "~3.1.2",
            "braces": "~3.0.2",
            "fsevents": "~2.3.2",
            "glob-parent": "~5.1.2",
            "is-binary-path": "~2.1.0",
            "is-glob": "~4.0.1",
            "normalize-path": "~3.0.0",
            "readdirp": "~3.6.0"
          }
        },
        "concat-map": {
          "version": "0.0.1",
          "dev": true
        },
        "content-disposition": {
          "version": "0.5.2",
          "dev": true
        },
        "define-lazy-prop": {
          "version": "2.0.0",
          "dev": true
        },
        "fast-url-parser": {
          "version": "1.1.3",
          "dev": true,
          "requires": {
            "punycode": "^1.3.2"
          }
        },
        "faye-websocket": {
          "version": "0.11.4",
          "dev": true,
          "requires": {
            "websocket-driver": ">=0.5.1"
          }
        },
        "fill-range": {
          "version": "7.0.1",
          "dev": true,
          "requires": {
            "to-regex-range": "^5.0.1"
          }
        },
        "fsevents": {
          "version": "2.3.2",
          "dev": true,
          "optional": true
        },
        "glob-parent": {
          "version": "5.1.2",
          "dev": true,
          "requires": {
            "is-glob": "^4.0.1"
          }
        },
        "http-parser-js": {
          "version": "0.5.5",
          "dev": true
        },
        "is-binary-path": {
          "version": "2.1.0",
          "dev": true,
          "requires": {
            "binary-extensions": "^2.0.0"
          }
        },
        "is-docker": {
          "version": "2.2.1",
          "dev": true
        },
        "is-extglob": {
          "version": "2.1.1",
          "dev": true
        },
        "is-glob": {
          "version": "4.0.3",
          "dev": true,
          "requires": {
            "is-extglob": "^2.1.1"
          }
        },
        "is-number": {
          "version": "7.0.0",
          "dev": true
        },
        "is-wsl": {
          "version": "2.2.0",
          "dev": true,
          "requires": {
            "is-docker": "^2.0.0"
          }
        },
        "mime-db": {
          "version": "1.33.0",
          "dev": true
        },
        "mime-types": {
          "version": "2.1.18",
          "dev": true,
          "requires": {
            "mime-db": "~1.33.0"
          }
        },
        "minimatch": {
          "version": "3.0.4",
          "dev": true,
          "requires": {
            "brace-expansion": "^1.1.7"
          }
        },
        "normalize-path": {
          "version": "3.0.0",
          "dev": true
        },
        "open": {
          "version": "8.4.0",
          "dev": true,
          "requires": {
            "define-lazy-prop": "^2.0.0",
            "is-docker": "^2.1.1",
            "is-wsl": "^2.2.0"
          }
        },
        "path-is-inside": {
          "version": "1.0.2",
          "dev": true
        },
        "path-to-regexp": {
          "version": "2.2.1",
          "dev": true
        },
        "picomatch": {
          "version": "2.3.1",
          "dev": true
        },
        "punycode": {
          "version": "1.4.1",
          "dev": true
        },
        "range-parser": {
          "version": "1.2.0",
          "dev": true
        },
        "readdirp": {
          "version": "3.6.0",
          "dev": true,
          "requires": {
            "picomatch": "^2.2.1"
          }
        },
        "safe-buffer": {
          "version": "5.2.1",
          "dev": true
        },
        "serve-handler": {
          "version": "6.1.3",
          "dev": true,
          "requires": {
            "bytes": "3.0.0",
            "content-disposition": "0.5.2",
            "fast-url-parser": "1.1.3",
            "mime-types": "2.1.18",
            "minimatch": "3.0.4",
            "path-is-inside": "1.0.2",
            "path-to-regexp": "2.2.1",
            "range-parser": "1.2.0"
          }
        },
        "to-regex-range": {
          "version": "5.0.1",
          "dev": true,
          "requires": {
            "is-number": "^7.0.0"
          }
        },
        "websocket-driver": {
          "version": "0.7.4",
          "dev": true,
          "requires": {
            "http-parser-js": ">=0.5.1",
            "safe-buffer": ">=5.1.0",
            "websocket-extensions": ">=0.1.1"
          }
        },
        "websocket-extensions": {
          "version": "0.1.4",
          "dev": true
        }
      }
    }
  }
}
